
Microsoft Visual Studio Solution File, Format Version 12.00
# Visual Studio 15
VisualStudioVersion = 15.0.27130.2010
MinimumVisualStudioVersion = 10.0.40219.1
Project("{2150E333-8FDC-42A3-9474-1A3956D46DE8}") = "src", "src", "{95EFBEAD-28E8-4E49-A171-69CF6C7EAA30}"
EndProject
Project("{2150E333-8FDC-42A3-9474-1A3956D46DE8}") = "samples", "samples", "{F6F95D85-23E5-4484-89EA-8876BDEF68D8}"
EndProject
Project("{2150E333-8FDC-42A3-9474-1A3956D46DE8}") = "tests", "tests", "{E23A9941-2898-423C-8F93-D9B4D1EC2201}"
EndProject
Project("{9A19103F-16F7-4668-BE54-9A1E7A4F7556}") = "RavenDB.AspNetCore.IdentityCore.Tests", "tests\RavenDB.AspNetCore.IdentityCore.Tests\RavenDB.AspNetCore.IdentityCore.Tests.csproj", "{DD4CCBF9-4E17-4D39-AD72-A7431A8F3D5F}"
EndProject
Project("{9A19103F-16F7-4668-BE54-9A1E7A4F7556}") = "RavenDB.Test.Shared", "tests\RavenDB.Test.Shared\RavenDB.Test.Shared.csproj", "{2A5F00D8-787A-4E8F-AC58-0F5501368362}"
EndProject
Project("{9A19103F-16F7-4668-BE54-9A1E7A4F7556}") = "RavenDB.Identity.MVC.Sample", "samples\RavenDB.Identity.MVC.Sample\RavenDB.Identity.MVC.Sample.csproj", "{4B9062DE-844C-4A6B-B965-3EC57F1F39BE}"
EndProject
Project("{FAE04EC0-301F-11D3-BF4B-00C04F79EFBC}") = "RavenDB.AspNetCore.IdentityCore", "src\RavenDB.AspNetCore.IdentityCore\RavenDB.AspNetCore.IdentityCore.csproj", "{E4B2F371-F489-43E3-A7CC-A1DAEA509639}"
EndProject
Global
	GlobalSection(SolutionConfigurationPlatforms) = preSolution
		Debug|Any CPU = Debug|Any CPU
		Release|Any CPU = Release|Any CPU
	EndGlobalSection
	GlobalSection(ProjectConfigurationPlatforms) = postSolution
		{DD4CCBF9-4E17-4D39-AD72-A7431A8F3D5F}.Debug|Any CPU.ActiveCfg = Debug|Any CPU
		{DD4CCBF9-4E17-4D39-AD72-A7431A8F3D5F}.Debug|Any CPU.Build.0 = Debug|Any CPU
		{DD4CCBF9-4E17-4D39-AD72-A7431A8F3D5F}.Release|Any CPU.ActiveCfg = Release|Any CPU
		{DD4CCBF9-4E17-4D39-AD72-A7431A8F3D5F}.Release|Any CPU.Build.0 = Release|Any CPU
		{2A5F00D8-787A-4E8F-AC58-0F5501368362}.Debug|Any CPU.ActiveCfg = Debug|Any CPU
		{2A5F00D8-787A-4E8F-AC58-0F5501368362}.Debug|Any CPU.Build.0 = Debug|Any CPU
		{2A5F00D8-787A-4E8F-AC58-0F5501368362}.Release|Any CPU.ActiveCfg = Release|Any CPU
		{2A5F00D8-787A-4E8F-AC58-0F5501368362}.Release|Any CPU.Build.0 = Release|Any CPU
		{4B9062DE-844C-4A6B-B965-3EC57F1F39BE}.Debug|Any CPU.ActiveCfg = Debug|Any CPU
		{4B9062DE-844C-4A6B-B965-3EC57F1F39BE}.Debug|Any CPU.Build.0 = Debug|Any CPU
		{4B9062DE-844C-4A6B-B965-3EC57F1F39BE}.Release|Any CPU.ActiveCfg = Release|Any CPU
		{4B9062DE-844C-4A6B-B965-3EC57F1F39BE}.Release|Any CPU.Build.0 = Release|Any CPU
		{E4B2F371-F489-43E3-A7CC-A1DAEA509639}.Debug|Any CPU.ActiveCfg = Debug|Any CPU
		{E4B2F371-F489-43E3-A7CC-A1DAEA509639}.Debug|Any CPU.Build.0 = Debug|Any CPU
		{E4B2F371-F489-43E3-A7CC-A1DAEA509639}.Release|Any CPU.ActiveCfg = Release|Any CPU
		{E4B2F371-F489-43E3-A7CC-A1DAEA509639}.Release|Any CPU.Build.0 = Release|Any CPU
	EndGlobalSection
	GlobalSection(SolutionProperties) = preSolution
		HideSolutionNode = FALSE
	EndGlobalSection
	GlobalSection(NestedProjects) = preSolution
		{DD4CCBF9-4E17-4D39-AD72-A7431A8F3D5F} = {E23A9941-2898-423C-8F93-D9B4D1EC2201}
		{2A5F00D8-787A-4E8F-AC58-0F5501368362} = {E23A9941-2898-423C-8F93-D9B4D1EC2201}
		{4B9062DE-844C-4A6B-B965-3EC57F1F39BE} = {F6F95D85-23E5-4484-89EA-8876BDEF68D8}
		{E4B2F371-F489-43E3-A7CC-A1DAEA509639} = {95EFBEAD-28E8-4E49-A171-69CF6C7EAA30}
	EndGlobalSection
	GlobalSection(ExtensibilityGlobals) = postSolution
		SolutionGuid = {2CE5559D-3151-4C6B-B037-E4ED71030B98}
	EndGlobalSection
EndGlobal
